PODS:
  - SwiftFormat/CLI (0.46.3)
  - SwiftLint (0.40.2)

DEPENDENCIES:
  - SwiftFormat/CLI
  - SwiftLint

SPEC REPOS:
  trunk:
    - SwiftFormat
    - SwiftLint

SPEC CHECKSUMS:
  SwiftFormat: b639417da9e024b9e782f917bc9a080cf75bcb37
  SwiftLint: 1216c910d27c2633ade33b4f071bb6b930982e62

PODFILE CHECKSUM: 68957572007479abea199d78003e11db3acf825c

COCOAPODS: 1.9.3
